
Microsoft Visual Studio Solution File, Format Version 12.00
# Visual Studio Version 17
VisualStudioVersion = 17.14.36623.8 d17.14
MinimumVisualStudioVersion = 10.0.40219.1
Project("{8BC9CEB8-8B4A-11D0-8D11-00A0C91BC942}") = "SIAP", "SIAP\SIAP.vcxproj", "{78491DF0-520E-4F10-AF58-7402D1F4BA38}"
EndProject
Project("{8BC9CEB8-8B4A-11D0-8D11-00A0C91BC942}") = "QSC", "..\QSC\QSC\QSC.vcxproj", "{7B7F8E47-0F7C-4273-A229-A7AB2A452EA9}"
EndProject
Project("{8BC9CEB8-8B4A-11D0-8D11-00A0C91BC942}") = "Server", "Server\Server.vcxproj", "{A96D9E3F-F669-4C75-B531-B8E24A351A86}"
EndProject
Global
	GlobalSection(SolutionConfigurationPlatforms) = preSolution
		Debug|x64 = Debug|x64
		Debug|x86 = Debug|x86
		Release|x64 = Release|x64
		Release|x86 = Release|x86
	EndGlobalSection
	GlobalSection(ProjectConfigurationPlatforms) = postSolution
		{78491DF0-520E-4F10-AF58-7402D1F4BA38}.Debug|x64.ActiveCfg = Debug|x64
		{78491DF0-520E-4F10-AF58-7402D1F4BA38}.Debug|x64.Build.0 = Debug|x64
		{78491DF0-520E-4F10-AF58-7402D1F4BA38}.Debug|x86.ActiveCfg = Debug|Win32
		{78491DF0-520E-4F10-AF58-7402D1F4BA38}.Debug|x86.Build.0 = Debug|Win32
		{78491DF0-520E-4F10-AF58-7402D1F4BA38}.Release|x64.ActiveCfg = Release|x64
		{78491DF0-520E-4F10-AF58-7402D1F4BA38}.Release|x64.Build.0 = Release|x64
		{78491DF0-520E-4F10-AF58-7402D1F4BA38}.Release|x86.ActiveCfg = Release|Win32
		{78491DF0-520E-4F10-AF58-7402D1F4BA38}.Release|x86.Build.0 = Release|Win32
		{7B7F8E47-0F7C-4273-A229-A7AB2A452EA9}.Debug|x64.ActiveCfg = Debug|x64
		{7B7F8E47-0F7C-4273-A229-A7AB2A452EA9}.Debug|x64.Build.0 = Debug|x64
		{7B7F8E47-0F7C-4273-A229-A7AB2A452EA9}.Debug|x86.ActiveCfg = Debug|Win32
		{7B7F8E47-0F7C-4273-A229-A7AB2A452EA9}.Debug|x86.Build.0 = Debug|Win32
		{7B7F8E47-0F7C-4273-A229-A7AB2A452EA9}.Release|x64.ActiveCfg = Release|x64
		{7B7F8E47-0F7C-4273-A229-A7AB2A452EA9}.Release|x64.Build.0 = Release|x64
		{7B7F8E47-0F7C-4273-A229-A7AB2A452EA9}.Release|x86.ActiveCfg = Release|Win32
		{7B7F8E47-0F7C-4273-A229-A7AB2A452EA9}.Release|x86.Build.0 = Release|Win32
		{A96D9E3F-F669-4C75-B531-B8E24A351A86}.Debug|x64.ActiveCfg = Debug|x64
		{A96D9E3F-F669-4C75-B531-B8E24A351A86}.Debug|x64.Build.0 = Debug|x64
		{A96D9E3F-F669-4C75-B531-B8E24A351A86}.Debug|x86.ActiveCfg = Debug|Win32
		{A96D9E3F-F669-4C75-B531-B8E24A351A86}.Debug|x86.Build.0 = Debug|Win32
		{A96D9E3F-F669-4C75-B531-B8E24A351A86}.Release|x64.ActiveCfg = Release|x64
		{A96D9E3F-F669-4C75-B531-B8E24A351A86}.Release|x64.Build.0 = Release|x64
		{A96D9E3F-F669-4C75-B531-B8E24A351A86}.Release|x86.ActiveCfg = Release|Win32
		{A96D9E3F-F669-4C75-B531-B8E24A351A86}.Release|x86.Build.0 = Release|Win32
	EndGlobalSection
	GlobalSection(SolutionProperties) = preSolution
		HideSolutionNode = FALSE
	EndGlobalSection
	GlobalSection(ExtensibilityGlobals) = postSolution
		SolutionGuid = {276ACB7C-2606-4707-BC42-97B7CF31B3DB}
	EndGlobalSection
EndGlobal
